github.com/klauspost/compress v1.8.6 h1:970MQcQdxX7hfgc/aqmB4a3grW0ivUVV6i1TLkP8CiE=
github.com/klauspost/compress v1.8.6/go.mod h1:RyIbtBH6LamlWaDj8nUwkbUhJ87Yi3uG0guNDohfE1A=
github.com/klauspost/cpuid v1.2.1 h1:vJi+O/nMdFt0vqm8NZBI6wzALWdA2X+egi0ogNyrC/w=
github.com/klauspost/cpuid v1.2.1/go.mod h1:Pj4uuM528wm8OyEC2QMXAi2YiTZ96dNQPGgoMS4s3ek=
github.com/klauspost/pgzip v1.2.1 h1:oIPZROsWuPHpOdMVWLuJZXwgjhrW8r1yEX8UqMyeNHM=
github.com/klauspost/pgzip v1.2.1/go.mod h1:Ch1tH69qFZu15pkjo5kYi6mth2Zzwzt50oCQKQE9RUs=
github.com/shenwei356/bio v0.0.0-20190917162525-85414fccc073 h1:WB7ttHnXGokOxhIQ9qliw83ely20ObQ6NRGppds05/w=
github.com/shenwei356/bio v0.0.0-20190917162525-85414fccc073/go.mod h1:tKIebGVfqYwgLIoXohkLiQO685B2d3l9vTf1cjRZaVk=
github.com/shenwei356/bpool v0.0.0-20160710042833-f9e0ee4d0403 h1:/3JklLnHXiWUBxWc3joQYavDQJpncRhRA909cUb7eOw=
github.com/shenwei356/bpool v0.0.0-20160710042833-f9e0ee4d0403/go.mod h1:YkgdTWfNnJgv5HVJbVSDmxQtkK3/jZWDoqcG26BVU8k=
github.com/shenwei356/util v0.0.0-20190523143900-f71ff373860c h1:QzUSl2qAx7JrPwSDvL3A4AOfF3mebJMsBIjhQBCkUqo=
github.com/shenwei356/util v0.0.0-20190523143900-f71ff373860c/go.mod h1:n3qhc3bQzlqJ2/5v79hgl0Gd3WzJOkI8XcUix25Brdg=
github.com/shenwei356/xopen v0.0.0-20181203091311-f4f16ddd3992 h1:RXEEyKj0JL3SrRIYsWIEyy4AwjHbI3I8aDGK6CA4+YI=
github.com/shenwei356/xopen v0.0.0-20181203091311-f4f16ddd3992/go.mod h1:6EQUa6I7Zsl2GQKqcL9qGLrTzVE+oZyly+uhzovQYSk=
